
Microsoft Visual Studio Solution File, Format Version 12.00
# Visual Studio Version 16
VisualStudioVersion = 16.0.28922.388
MinimumVisualStudioVersion = 10.0.40219.1
Project("{FAE04EC0-301F-11D3-BF4B-00C04F79EFBC}") = "BankingApp", "BankingApp.csproj", "{50E452F1-ABCD-465B-A721-A27EFB73CB03}"
EndProject
Global
	GlobalSection(SolutionConfigurationPlatforms) = preSolution
		Debug|Any CPU = Debug|Any CPU
		Release|Any CPU = Release|Any CPU
	EndGlobalSection
	GlobalSection(ProjectConfigurationPlatforms) = postSolution
		{50E452F1-ABCD-465B-A721-A27EFB73CB03}.Debug|Any CPU.ActiveCfg = Debug|Any CPU
		{50E452F1-ABCD-465B-A721-A27EFB73CB03}.Debug|Any CPU.Build.0 = Debug|Any CPU
		{50E452F1-ABCD-465B-A721-A27EFB73CB03}.Release|Any CPU.ActiveCfg = Release|Any CPU
		{50E452F1-ABCD-465B-A721-A27EFB73CB03}.Release|Any CPU.Build.0 = Release|Any CPU
	EndGlobalSection
	GlobalSection(SolutionProperties) = preSolution
		HideSolutionNode = FALSE
	EndGlobalSection
	GlobalSection(ExtensibilityGlobals) = postSolution
		SolutionGuid = {2A6C20C0-EE17-4046-A6E8-3CA040776871}
	EndGlobalSection
EndGlobal
